// !$*UTF8*$!
{
	archiveVersion = 1;
	classes = {
	};
	objectVersion = 46;
	objects = {

/* Begin PBXBuildFile section */
		9EE13EDC1949770A0099C675 /* AppDelegate.swift in Sources */ = {isa = PBXBuildFile; fileRef = 9EE13EDB1949770A0099C675 /* AppDelegate.swift */; };
		9EE13EDE1949770A0099C675 /* ViewController.swift in Sources */ = {isa = PBXBuildFile; fileRef = 9EE13EDD1949770A0099C675 /* ViewController.swift */; };
		9EE13EE11949770A0099C675 /* Main.storyboard in Resources */ = {isa = PBXBuildFile; fileRef = 9EE13EDF1949770A0099C675 /* Main.storyboard */; };
		9EE13EE31949770A0099C675 /* Images.xcassets in Resources */ = {isa = PBXBuildFile; fileRef = 9EE13EE21949770A0099C675 /* Images.xcassets */; };
		9EE13EEF1949770B0099C675 /* WebTests.swift in Sources */ = {isa = PBXBuildFile; fileRef = 9EE13EEE1949770B0099C675 /* WebTests.swift */; };
/* End PBXBuildFile section */

/* Begin PBXContainerItemProxy section */
		9EE13EE91949770B0099C675 /* PBXContainerItemProxy */ = {
			isa = PBXContainerItemProxy;
			containerPortal = 9EE13ECE1949770A0099C675 /* Project object */;
			proxyType = 1;
			remoteGlobalIDString = 9EE13ED51949770A0099C675;
			remoteInfo = Web;
		};
/* End PBXContainerItemProxy section */

/* Begin PBXFileReference section */
		9EE13ED61949770A0099C675 /* Web.app */ = {isa = PBXFileReference; explicitFileType = wrapper.application; includeInIndex = 0; path = Web.app; sourceTree = BUILT_PRODUCTS_DIR; };
		9EE13EDA1949770A0099C675 /* Info.plist */ = {isa = PBXFileReference; lastKnownFileType = text.plist.xml; path = Info.plist; sourceTree = "<group>"; };
		9EE13EDB1949770A0099C675 /* AppDelegate.swift */ = {isa = PBXFileReference; lastKnownFileType = sourcecode.swift; path = AppDelegate.swift; sourceTree = "<group>"; };
		9EE13EDD1949770A0099C675 /* ViewController.swift */ = {isa = PBXFileReference; lastKnownFileType = sourcecode.swift; path = ViewController.swift; sourceTree = "<group>"; };
		9EE13EE01949770A0099C675 /* Base */ = {isa = PBXFileReference; lastKnownFileType = file.storyboard; name = Base; path = Base.lproj/Main.storyboard; sourceTree = "<group>"; };
		9EE13EE21949770A0099C675 /* Images.xcassets */ = {isa = PBXFileReference; lastKnownFileType = folder.assetcatalog; path = Images.xcassets; sourceTree = "<group>"; };
		9EE13EE81949770A0099C675 /* WebTests.xctest */ = {isa = PBXFileReference; explicitFileType = wrapper.cfbundle; includeInIndex = 0; path = WebTests.xctest; sourceTree = BUILT_PRODUCTS_DIR; };
		9EE13EED1949770B0099C675 /* Info.plist */ = {isa = PBXFileReference; lastKnownFileType = text.plist.xml; path = Info.plist; sourceTree = "<group>"; };
		9EE13EEE1949770B0099C675 /* WebTests.swift */ = {isa = PBXFileReference; lastKnownFileType = sourcecode.swift; path = WebTests.swift; sourceTree = "<group>"; };
/* End PBXFileReference section */

/* Begin PBXFrameworksBuildPhase section */
		9EE13ED31949770A0099C675 /* Frameworks */ = {
			isa = PBXFrameworksBuildPhase;
			buildActionMask = 2147483647;
			files = (
			);
			runOnlyForDeploymentPostprocessing = 0;
		};
		9EE13EE51949770A0099C675 /* Frameworks */ = {
			isa = PBXFrameworksBuildPhase;
			buildActionMask = 2147483647;
			files = (
			);
			runOnlyForDeploymentPostprocessing = 0;
		};
/* End PBXFrameworksBuildPhase section */

/* Begin PBXGroup section */
		9EE13ECD1949770A0099C675 = {
			isa = PBXGroup;
			children = (
				9EE13ED81949770A0099C675 /* Web */,
				9EE13EEB1949770B0099C675 /* WebTests */,
				9EE13ED71949770A0099C675 /* Products */,
			);
			sourceTree = "<group>";
		};
		9EE13ED71949770A0099C675 /* Products */ = {
			isa = PBXGroup;
			children = (
				9EE13ED61949770A0099C675 /* Web.app */,
				9EE13EE81949770A0099C675 /* WebTests.xctest */,
			);
			name = Products;
			sourceTree = "<group>";
		};
		9EE13ED81949770A0099C675 /* Web */ = {
			isa = PBXGroup;
			children = (
				9EE13EDB1949770A0099C675 /* AppDelegate.swift */,
				9EE13EDD1949770A0099C675 /* ViewController.swift */,
				9EE13EDF1949770A0099C675 /* Main.storyboard */,
				9EE13EE21949770A0099C675 /* Images.xcassets */,
				9EE13ED91949770A0099C675 /* Supporting Files */,
			);
			path = Web;
			sourceTree = "<group>";
		};
		9EE13ED91949770A0099C675 /* Supporting Files */ = {
			isa = PBXGroup;
			children = (
				9EE13EDA1949770A0099C675 /* Info.plist */,
			);
			name = "Supporting Files";
			sourceTree = "<group>";
		};
		9EE13EEB1949770B0099C675 /* WebTests */ = {
			isa = PBXGroup;
			children = (
				9EE13EEE1949770B0099C675 /* WebTests.swift */,
				9EE13EEC1949770B0099C675 /* Supporting Files */,
			);
			path = WebTests;
			sourceTree = "<group>";
		};
		9EE13EEC1949770B0099C675 /* Supporting Files */ = {
			isa = PBXGroup;
			children = (
				9EE13EED1949770B0099C675 /* Info.plist */,
			);
			name = "Supporting Files";
			sourceTree = "<group>";
		};
/* End PBXGroup section */

/* Begin PBXNativeTarget section */
		9EE13ED51949770A0099C675 /* Web */ = {
			isa = PBXNativeTarget;
			buildConfigurationList = 9EE13EF21949770B0099C675 /* Build configuration list for PBXNativeTarget "Web" */;
			buildPhases = (
				9EE13ED21949770A0099C675 /* Sources */,
				9EE13ED31949770A0099C675 /* Frameworks */,
				9EE13ED41949770A0099C675 /* Resources */,
			);
			buildRules = (
			);
			dependencies = (
			);
			name = Web;
			productName = Web;
			productReference = 9EE13ED61949770A0099C675 /* Web.app */;
			productType = "com.apple.product-type.application";
		};
		9EE13EE71949770A0099C675 /* WebTests */ = {
			isa = PBXNativeTarget;
			buildConfigurationList = 9EE13EF51949770B0099C675 /* Build configuration list for PBXNativeTarget "WebTests" */;
			buildPhases = (
				9EE13EE41949770A0099C675 /* Sources */,
				9EE13EE51949770A0099C675 /* Frameworks */,
				9EE13EE61949770A0099C675 /* Resources */,
			);
			buildRules = (
			);
			dependencies = (
				9EE13EEA1949770B0099C675 /* PBXTargetDependency */,
			);
			name = WebTests;
			productName = WebTests;
			productReference = 9EE13EE81949770A0099C675 /* WebTests.xctest */;
			productType = "com.apple.product-type.bundle.unit-test";
		};
/* End PBXNativeTarget section */

/* Begin PBXProject section */
		9EE13ECE1949770A0099C675 /* Project object */ = {
			isa = PBXProject;
			attributes = {
				LastUpgradeCheck = 0600;
				ORGANIZATIONNAME = "David Cabrera";
				TargetAttributes = {
					9EE13ED51949770A0099C675 = {
						CreatedOnToolsVersion = 6.0;
						DevelopmentTeam = 366LY4GNXP;
					};
					9EE13EE71949770A0099C675 = {
						CreatedOnToolsVersion = 6.0;
						TestTargetID = 9EE13ED51949770A0099C675;
					};
				};
			};
			buildConfigurationList = 9EE13ED11949770A0099C675 /* Build configuration list for PBXProject "Web" */;
			compatibilityVersion = "Xcode 3.2";
			developmentRegion = English;
			hasScannedForEncodings = 0;
			knownRegions = (
				en,
				Base,
			);
			mainGroup = 9EE13ECD1949770A0099C675;
			productRefGroup = 9EE13ED71949770A0099C675 /* Products */;
			projectDirPath = "";
			projectRoot = "";
			targets = (
				9EE13ED51949770A0099C675 /* Web */,
				9EE13EE71949770A0099C675 /* WebTests */,
			);
		};
/* End PBXProject section */

/* Begin PBXResourcesBuildPhase section */
		9EE13ED41949770A0099C675 /* Resources */ = {
			isa = PBXResourcesBuildPhase;
			buildActionMask = 2147483647;
			files = (
				9EE13EE11949770A0099C675 /* Main.storyboard in Resources */,
				9EE13EE31949770A0099C675 /* Images.xcassets in Resources */,
			);
			runOnlyForDeploymentPostprocessing = 0;
		};
		9EE13EE61949770A0099C675 /* Resources */ = {
			isa = PBXResourcesBuildPhase;
			buildActionMask = 2147483647;
			files = (
			);
			runOnlyForDeploymentPostprocessing = 0;
		};
/* End PBXResourcesBuildPhase section */

/* Begin PBXSourcesBuildPhase section */
		9EE13ED21949770A0099C675 /* Sources */ = {
			isa = PBXSourcesBuildPhase;
			buildActionMask = 2147483647;
			files = (
				9EE13EDE1949770A0099C675 /* ViewController.swift in Sources */,
				9EE13EDC1949770A0099C675 /* AppDelegate.swift in Sources */,
			);
			runOnlyForDeploymentPostprocessing = 0;
		};
		9EE13EE41949770A0099C675 /* Sources */ = {
			isa = PBXSourcesBuildPhase;
			buildActionMask = 2147483647;
			files = (
				9EE13EEF1949770B0099C675 /* WebTests.swift in Sources */,
			);
			runOnlyForDeploymentPostprocessing = 0;
		};
/* End PBXSourcesBuildPhase section */

/* Begin PBXTargetDependency section */
		9EE13EEA1949770B0099C675 /* PBXTargetDependency */ = {
			isa = PBXTargetDependency;
			target = 9EE13ED51949770A0099C675 /* Web */;
			targetProxy = 9EE13EE91949770B0099C675 /* PBXContainerItemProxy */;
		};
/* End PBXTargetDependency section */

/* Begin PBXVariantGroup section */
		9EE13EDF1949770A0099C675 /* Main.storyboard */ = {
			isa = PBXVariantGroup;
			children = (
				9EE13EE01949770A0099C675 /* Base */,
			);
			name = Main.storyboard;
			sourceTree = "<group>";
		};
/* End PBXVariantGroup section */

/* Begin XCBuildConfiguration section */
		9EE13EF01949770B0099C675 /* Debug */ = {
			isa = XCBuildConfiguration;
			buildSettings = {
				ALWAYS_SEARCH_USER_PATHS = NO;
				CLANG_CXX_LANGUAGE_STANDARD = "gnu++0x";
				CLANG_CXX_LIBRARY = "libc++";
				CLANG_ENABLE_MODULES = YES;
				CLANG_ENABLE_OBJC_ARC = YES;
				CLANG_WARN_BOOL_CONVERSION = YES;
				CLANG_WARN_CONSTANT_CONVERSION = YES;
				CLANG_WARN_DIRECT_OBJC_ISA_USAGE = YES_ERROR;
				CLANG_WARN_EMPTY_BODY = YES;
				CLANG_WARN_ENUM_CONVERSION = YES;
				CLANG_WARN_INT_CONVERSION = YES;
				CLANG_WARN_OBJC_ROOT_CLASS = YES_ERROR;
				CLANG_WARN_UNREACHABLE_CODE = YES;
				CLANG_WARN__DUPLICATE_METHOD_MATCH = YES;
				"CODE_SIGN_IDENTITY[sdk=iphoneos*]" = "iPhone Developer";
				COPY_PHASE_STRIP = NO;
				ENABLE_STRICT_OBJC_MSGSEND = YES;
				GCC_C_LANGUAGE_STANDARD = gnu99;
				GCC_DYNAMIC_NO_PIC = NO;
				GCC_OPTIMIZATION_LEVEL = 0;
				GCC_PREPROCESSOR_DEFINITIONS = (
					"DEBUG=1",
					"$(inherited)",
				);
				GCC_SYMBOLS_PRIVATE_EXTERN = NO;
				GCC_WARN_64_TO_32_BIT_CONVERSION = YES;
				GCC_WARN_ABOUT_RETURN_TYPE = YES_ERROR;
				GCC_WARN_UNDECLARED_SELECTOR = YES;
				GCC_WARN_UNINITIALIZED_AUTOS = YES_AGGRESSIVE;
				GCC_WARN_UNUSED_FUNCTION = YES;
				GCC_WARN_UNUSED_VARIABLE = YES;
				IPHONEOS_DEPLOYMENT_TARGET = 8.0;
				METAL_ENABLE_DEBUG_INFO = YES;
				ONLY_ACTIVE_ARCH = YES;
				SDKROOT = iphoneos;
				SWIFT_OPTIMIZATION_LEVEL = "-Onone";
			};
			name = Debug;
		};
		9EE13EF11949770B0099C675 /* Release */ = {
			isa = XCBuildConfiguration;
			buildSettings = {
				ALWAYS_SEARCH_USER_PATHS = NO;
				CLANG_CXX_LANGUAGE_STANDARD = "gnu++0x";
				CLANG_CXX_LIBRARY = "libc++";
				CLANG_ENABLE_MODULES = YES;
				CLANG_ENABLE_OBJC_ARC = YES;
				CLANG_WARN_BOOL_CONVERSION = YES;
				CLANG_WARN_CONSTANT_CONVERSION = YES;
				CLANG_WARN_DIRECT_OBJC_ISA_USAGE = YES_ERROR;
				CLANG_WARN_EMPTY_BODY = YES;
				CLANG_WARN_ENUM_CONVERSION = YES;
				CLANG_WARN_INT_CONVERSION = YES;
				CLANG_WARN_OBJC_ROOT_CLASS = YES_ERROR;
				CLANG_WARN_UNREACHABLE_CODE = YES;
				CLANG_WARN__DUPLICATE_METHOD_MATCH = YES;
				"CODE_SIGN_IDENTITY[sdk=iphoneos*]" = "iPhone Developer";
				COPY_PHASE_STRIP = YES;
				ENABLE_NS_ASSERTIONS = NO;
				ENABLE_STRICT_OBJC_MSGSEND = YES;
				GCC_C_LANGUAGE_STANDARD = gnu99;
				GCC_WARN_64_TO_32_BIT_CONVERSION = YES;
				GCC_WARN_ABOUT_RETURN_TYPE = YES_ERROR;
				GCC_WARN_UNDECLARED_SELECTOR = YES;
				GCC_WARN_UNINITIALIZED_AUTOS = YES_AGGRESSIVE;
				GCC_WARN_UNUSED_FUNCTION = YES;
				GCC_WARN_UNUSED_VARIABLE = YES;
				IPHONEOS_DEPLOYMENT_TARGET = 8.0;
				METAL_ENABLE_DEBUG_INFO = NO;
				SDKROOT = iphoneos;
				VALIDATE_PRODUCT = YES;
			};
			name = Release;
		};
		9EE13EF31949770B0099C675 /* Debug */ = {
			isa = XCBuildConfiguration;
			buildSettings = {
				ASSETCATALOG_COMPILER_APPICON_NAME = AppIcon;
				ASSETCATALOG_COMPILER_LAUNCHIMAGE_NAME = LaunchImage;
				CODE_SIGN_IDENTITY = "iPhone Developer";
				INFOPLIST_FILE = Web/Info.plist;
				LD_RUNPATH_SEARCH_PATHS = "$(inherited) @executable_path/Frameworks";
				PRODUCT_NAME = "$(TARGET_NAME)";
				TARGETED_DEVICE_FAMILY = 1;
			};
			name = Debug;
		};
		9EE13EF41949770B0099C675 /* Release */ = {
			isa = XCBuildConfiguration;
			buildSettings = {
				ASSETCATALOG_COMPILER_APPICON_NAME = AppIcon;
				ASSETCATALOG_COMPILER_LAUNCHIMAGE_NAME = LaunchImage;
				CODE_SIGN_IDENTITY = "iPhone Developer";
				INFOPLIST_FILE = Web/Info.plist;
				LD_RUNPATH_SEARCH_PATHS = "$(inherited) @executable_path/Frameworks";
				PRODUCT_NAME = "$(TARGET_NAME)";
				TARGETED_DEVICE_FAMILY = 1;
			};
			name = Release;
		};
		9EE13EF61949770B0099C675 /* Debug */ = {
			isa = XCBuildConfiguration;
			buildSettings = {
				BUNDLE_LOADER = "$(BUILT_PRODUCTS_DIR)/Web.app/Web";
				FRAMEWORK_SEARCH_PATHS = (
					"$(SDKROOT)/Developer/Library/Frameworks",
					"$(inherited)",
				);
				GCC_PREPROCESSOR_DEFINITIONS = (
					"DEBUG=1",
					"$(inherited)",
				);
				INFOPLIST_FILE = WebTests/Info.plist;
				LD_RUNPATH_SEARCH_PATHS = "$(inherited) @executable_path/Frameworks @loader_path/Frameworks";
				METAL_ENABLE_DEBUG_INFO = YES;
				PRODUCT_NAME = "$(TARGET_NAME)";
				TEST_HOST = "$(BUNDLE_LOADER)";
			};
			name = Debug;
		};
		9EE13EF71949770B0099C675 /* Release */ = {
			isa = XCBuildConfiguration;
			buildSettings = {
				BUNDLE_LOADER = "$(BUILT_PRODUCTS_DIR)/Web.app/Web";
				FRAMEWORK_SEARCH_PATHS = (
					"$(SDKROOT)/Developer/Library/Frameworks",
					"$(inherited)",
				);
				INFOPLIST_FILE = WebTests/Info.plist;
				LD_RUNPATH_SEARCH_PATHS = "$(inherited) @executable_path/Frameworks @loader_path/Frameworks";
				METAL_ENABLE_DEBUG_INFO = NO;
				PRODUCT_NAME = "$(TARGET_NAME)";
				TEST_HOST = "$(BUNDLE_LOADER)";
			};
			name = Release;
		};
/* End XCBuildConfiguration section */

/* Begin XCConfigurationList section */
		9EE13ED11949770A0099C675 /* Build configuration list for PBXProject "Web" */ = {
			isa = XCConfigurationList;
			buildConfigurations = (
				9EE13EF01949770B0099C675 /* Debug */,
				9EE13EF11949770B0099C675 /* Release */,
			);
			defaultConfigurationIsVisible = 0;
			defaultConfigurationName = Release;
		};
		9EE13EF21949770B0099C675 /* Build configuration list for PBXNativeTarget "Web" */ = {
			isa = XCConfigurationList;
			buildConfigurations = (
				9EE13EF31949770B0099C675 /* Debug */,
				9EE13EF41949770B0099C675 /* Release */,
			);
			defaultConfigurationIsVisible = 0;
		};
		9EE13EF51949770B0099C675 /* Build configuration list for PBXNativeTarget "WebTests" */ = {
			isa = XCConfigurationList;
			buildConfigurations = (
				9EE13EF61949770B0099C675 /* Debug */,
				9EE13EF71949770B0099C675 /* Release */,
			);
			defaultConfigurationIsVisible = 0;
		};
/* End XCConfigurationList section */
	};
	rootObject = 9EE13ECE1949770A0099C675 /* Project object */;
}
